
Microsoft Visual Studio Solution File, Format Version 12.00
# Visual Studio Version 16
VisualStudioVersion = 16.0.31005.135
MinimumVisualStudioVersion = 10.0.40219.1
Project("{9A19103F-16F7-4668-BE54-9A1E7A4F7556}") = "OnlineAkademi.Core", "OnlineAkademi.Core\OnlineAkademi.Core.csproj", "{D51A9B0B-A8F7-401C-A5A8-D77C7D5ADA38}"
EndProject
Project("{9A19103F-16F7-4668-BE54-9A1E7A4F7556}") = "OnlineAkademi.Data.Sql", "OnlineAkademi.Data.Sql\OnlineAkademi.Data.Sql.csproj", "{7EA2E97E-31B8-4B99-9529-8AF79A6F5D69}"
EndProject
Project("{9A19103F-16F7-4668-BE54-9A1E7A4F7556}") = "OnlineAkademi.Services", "OnlineAkademi.Services\OnlineAkademi.Services.csproj", "{C08FEE86-4618-43F6-9FE9-46B33CAA46AA}"
EndProject
Project("{9A19103F-16F7-4668-BE54-9A1E7A4F7556}") = "OnlineAkademi.Utils", "OnlineAkademi.Utils\OnlineAkademi.Utils.csproj", "{C4D72ABC-0C79-4C48-8980-2E54A690D568}"
EndProject
Project("{9A19103F-16F7-4668-BE54-9A1E7A4F7556}") = "OnlineAkademi.Web", "OnlineAkademi.Web\OnlineAkademi.Web.csproj", "{429AAAAF-821E-4E71-BF28-B3F8D5C0519C}"
EndProject
Global
	GlobalSection(SolutionConfigurationPlatforms) = preSolution
		Debug|Any CPU = Debug|Any CPU
		Release|Any CPU = Release|Any CPU
	EndGlobalSection
	GlobalSection(ProjectConfigurationPlatforms) = postSolution
		{D51A9B0B-A8F7-401C-A5A8-D77C7D5ADA38}.Debug|Any CPU.ActiveCfg = Debug|Any CPU
		{D51A9B0B-A8F7-401C-A5A8-D77C7D5ADA38}.Debug|Any CPU.Build.0 = Debug|Any CPU
		{D51A9B0B-A8F7-401C-A5A8-D77C7D5ADA38}.Release|Any CPU.ActiveCfg = Release|Any CPU
		{D51A9B0B-A8F7-401C-A5A8-D77C7D5ADA38}.Release|Any CPU.Build.0 = Release|Any CPU
		{7EA2E97E-31B8-4B99-9529-8AF79A6F5D69}.Debug|Any CPU.ActiveCfg = Debug|Any CPU
		{7EA2E97E-31B8-4B99-9529-8AF79A6F5D69}.Debug|Any CPU.Build.0 = Debug|Any CPU
		{7EA2E97E-31B8-4B99-9529-8AF79A6F5D69}.Release|Any CPU.ActiveCfg = Release|Any CPU
		{7EA2E97E-31B8-4B99-9529-8AF79A6F5D69}.Release|Any CPU.Build.0 = Release|Any CPU
		{C08FEE86-4618-43F6-9FE9-46B33CAA46AA}.Debug|Any CPU.ActiveCfg = Debug|Any CPU
		{C08FEE86-4618-43F6-9FE9-46B33CAA46AA}.Debug|Any CPU.Build.0 = Debug|Any CPU
		{C08FEE86-4618-43F6-9FE9-46B33CAA46AA}.Release|Any CPU.ActiveCfg = Release|Any CPU
		{C08FEE86-4618-43F6-9FE9-46B33CAA46AA}.Release|Any CPU.Build.0 = Release|Any CPU
		{C4D72ABC-0C79-4C48-8980-2E54A690D568}.Debug|Any CPU.ActiveCfg = Debug|Any CPU
		{C4D72ABC-0C79-4C48-8980-2E54A690D568}.Debug|Any CPU.Build.0 = Debug|Any CPU
		{C4D72ABC-0C79-4C48-8980-2E54A690D568}.Release|Any CPU.ActiveCfg = Release|Any CPU
		{C4D72ABC-0C79-4C48-8980-2E54A690D568}.Release|Any CPU.Build.0 = Release|Any CPU
		{429AAAAF-821E-4E71-BF28-B3F8D5C0519C}.Debug|Any CPU.ActiveCfg = Debug|Any CPU
		{429AAAAF-821E-4E71-BF28-B3F8D5C0519C}.Debug|Any CPU.Build.0 = Debug|Any CPU
		{429AAAAF-821E-4E71-BF28-B3F8D5C0519C}.Release|Any CPU.ActiveCfg = Release|Any CPU
		{429AAAAF-821E-4E71-BF28-B3F8D5C0519C}.Release|Any CPU.Build.0 = Release|Any CPU
	EndGlobalSection
	GlobalSection(SolutionProperties) = preSolution
		HideSolutionNode = FALSE
	EndGlobalSection
	GlobalSection(ExtensibilityGlobals) = postSolution
		SolutionGuid = {ABF5F174-4F66-4B85-9035-39D9D5C46905}
	EndGlobalSection
EndGlobal
